
Microsoft Visual Studio Solution File, Format Version 12.00
# Visual Studio 2015
Project("{FAE04EC0-301F-11D3-BF4B-00C04F79EFBC}") = "Galaga Ripoff.CSharp", "Galaga Ripoff.CSharp.csproj", "{131FA9C1-74B8-577B-A6F1-47F4C1B2704D}"
EndProject
Global
	GlobalSection(SolutionConfigurationPlatforms) = preSolution
		Debug|Any CPU = Debug|Any CPU
		Release|Any CPU = Release|Any CPU
	EndGlobalSection
	GlobalSection(ProjectConfigurationPlatforms) = postSolution
		{131FA9C1-74B8-577B-A6F1-47F4C1B2704D}.Debug|Any CPU.ActiveCfg = Debug|Any CPU
		{131FA9C1-74B8-577B-A6F1-47F4C1B2704D}.Debug|Any CPU.Build.0 = Debug|Any CPU
		{131FA9C1-74B8-577B-A6F1-47F4C1B2704D}.Release|Any CPU.ActiveCfg = Release|Any CPU
		{131FA9C1-74B8-577B-A6F1-47F4C1B2704D}.Release|Any CPU.Build.0 = Release|Any CPU
	EndGlobalSection
	GlobalSection(SolutionProperties) = preSolution
		HideSolutionNode = FALSE
	EndGlobalSection
EndGlobal
